// !$*UTF8*$!
{
	archiveVersion = 1;
	classes = {
	};
	objectVersion = 56;
	objects = {

/* Begin PBXBuildFile section */
		28CDDA3CA64ACFE7A4772C01 /* Pods_BloodPressureRecorder.framework in Frameworks */ = {isa = PBXBuildFile; fileRef = AFBC743E35A06E0B8178F595 /* Pods_BloodPressureRecorder.framework */; };
		FC4507B92931EA1C00219691 /* UserProfile.swift in Sources */ = {isa = PBXBuildFile; fileRef = FC4507B82931EA1C00219691 /* UserProfile.swift */; };
		FC4507C129321AB400219691 /* UserViewModel.swift in Sources */ = {isa = PBXBuildFile; fileRef = FC4507C029321AB400219691 /* UserViewModel.swift */; };
		FC4507C72932338800219691 /* ObjectDemo.swift in Sources */ = {isa = PBXBuildFile; fileRef = FC4507C62932338800219691 /* ObjectDemo.swift */; };
		FC855B4629325B7300CCF2FD /* User2.swift in Sources */ = {isa = PBXBuildFile; fileRef = FC855B4529325B7300CCF2FD /* User2.swift */; };
		FC855B4829325C5500CCF2FD /* DemoList.swift in Sources */ = {isa = PBXBuildFile; fileRef = FC855B4729325C5500CCF2FD /* DemoList.swift */; };
		FCA202A529203C9E00C167B2 /* BloodPressureRecorderApp.swift in Sources */ = {isa = PBXBuildFile; fileRef = FCA202A429203C9E00C167B2 /* BloodPressureRecorderApp.swift */; };
		FCA202A729203C9E00C167B2 /* ContentView.swift in Sources */ = {isa = PBXBuildFile; fileRef = FCA202A629203C9E00C167B2 /* ContentView.swift */; };
		FCA202A929203C9F00C167B2 /* Assets.xcassets in Resources */ = {isa = PBXBuildFile; fileRef = FCA202A829203C9F00C167B2 /* Assets.xcassets */; };
		FCA202AC29203C9F00C167B2 /* Preview Assets.xcassets in Resources */ = {isa = PBXBuildFile; fileRef = FCA202AB29203C9F00C167B2 /* Preview Assets.xcassets */; };
		FCA202B329203ECA00C167B2 /* GoogleService-Info.plist in Resources */ = {isa = PBXBuildFile; fileRef = FCA202B229203ECA00C167B2 /* GoogleService-Info.plist */; };
		FCA202B5292042C800C167B2 /* RecordInsert.swift in Sources */ = {isa = PBXBuildFile; fileRef = FCA202B4292042C800C167B2 /* RecordInsert.swift */; };
		FCA202B72920437700C167B2 /* UpdateRecords.swift in Sources */ = {isa = PBXBuildFile; fileRef = FCA202B62920437700C167B2 /* UpdateRecords.swift */; };
		FCA202B9292047A600C167B2 /* DataBaseModel.swift in Sources */ = {isa = PBXBuildFile; fileRef = FCA202B8292047A600C167B2 /* DataBaseModel.swift */; };
		FCA202BB292049C100C167B2 /* Registration.swift in Sources */ = {isa = PBXBuildFile; fileRef = FCA202BA292049C100C167B2 /* Registration.swift */; };
		FCA202BD292049D000C167B2 /* Login.swift in Sources */ = {isa = PBXBuildFile; fileRef = FCA202BC292049D000C167B2 /* Login.swift */; };
		FCA202C1292061F000C167B2 /* Extensions.swift in Sources */ = {isa = PBXBuildFile; fileRef = FCA202C0292061F000C167B2 /* Extensions.swift */; };
		FCA202C32920658900C167B2 /* DemoView.swift in Sources */ = {isa = PBXBuildFile; fileRef = FCA202C22920658900C167B2 /* DemoView.swift */; };
/* End PBXBuildFile section */

/* Begin PBXFileReference section */
		5BC94CE18CDDFF7C7E8ECF67 /* Pods-BloodPressureRecorder.release.xcconfig */ = {isa = PBXFileReference; includeInIndex = 1; lastKnownFileType = text.xcconfig; name = "Pods-BloodPressureRecorder.release.xcconfig"; path = "Target Support Files/Pods-BloodPressureRecorder/Pods-BloodPressureRecorder.release.xcconfig"; sourceTree = "<group>"; };
		AFBC743E35A06E0B8178F595 /* Pods_BloodPressureRecorder.framework */ = {isa = PBXFileReference; explicitFileType = wrapper.framework; includeInIndex = 0; path = Pods_BloodPressureRecorder.framework; sourceTree = BUILT_PRODUCTS_DIR; };
		F82AA643A29AE2BD34D1683B /* Pods-BloodPressureRecorder.debug.xcconfig */ = {isa = PBXFileReference; includeInIndex = 1; lastKnownFileType = text.xcconfig; name = "Pods-BloodPressureRecorder.debug.xcconfig"; path = "Target Support Files/Pods-BloodPressureRecorder/Pods-BloodPressureRecorder.debug.xcconfig"; sourceTree = "<group>"; };
		FC4507B82931EA1C00219691 /* UserProfile.swift */ = {isa = PBXFileReference; lastKnownFileType = sourcecode.swift; path = UserProfile.swift; sourceTree = "<group>"; };
		FC4507C029321AB400219691 /* UserViewModel.swift */ = {isa = PBXFileReference; lastKnownFileType = sourcecode.swift; path = UserViewModel.swift; sourceTree = "<group>"; };
		FC4507C62932338800219691 /* ObjectDemo.swift */ = {isa = PBXFileReference; lastKnownFileType = sourcecode.swift; path = ObjectDemo.swift; sourceTree = "<group>"; };
		FC855B4529325B7300CCF2FD /* User2.swift */ = {isa = PBXFileReference; lastKnownFileType = sourcecode.swift; path = User2.swift; sourceTree = "<group>"; };
		FC855B4729325C5500CCF2FD /* DemoList.swift */ = {isa = PBXFileReference; lastKnownFileType = sourcecode.swift; path = DemoList.swift; sourceTree = "<group>"; };
		FCA202A129203C9E00C167B2 /* BloodPressureRecorder.app */ = {isa = PBXFileReference; explicitFileType = wrapper.application; includeInIndex = 0; path = BloodPressureRecorder.app; sourceTree = BUILT_PRODUCTS_DIR; };
		FCA202A429203C9E00C167B2 /* BloodPressureRecorderApp.swift */ = {isa = PBXFileReference; lastKnownFileType = sourcecode.swift; path = BloodPressureRecorderApp.swift; sourceTree = "<group>"; };
		FCA202A629203C9E00C167B2 /* ContentView.swift */ = {isa = PBXFileReference; lastKnownFileType = sourcecode.swift; path = ContentView.swift; sourceTree = "<group>"; };
		FCA202A829203C9F00C167B2 /* Assets.xcassets */ = {isa = PBXFileReference; lastKnownFileType = folder.assetcatalog; path = Assets.xcassets; sourceTree = "<group>"; };
		FCA202AB29203C9F00C167B2 /* Preview Assets.xcassets */ = {isa = PBXFileReference; lastKnownFileType = folder.assetcatalog; path = "Preview Assets.xcassets"; sourceTree = "<group>"; };
		FCA202B229203ECA00C167B2 /* GoogleService-Info.plist */ = {isa = PBXFileReference; fileEncoding = 4; lastKnownFileType = text.plist.xml; path = "GoogleService-Info.plist"; sourceTree = "<group>"; };
		FCA202B4292042C800C167B2 /* RecordInsert.swift */ = {isa = PBXFileReference; lastKnownFileType = sourcecode.swift; path = RecordInsert.swift; sourceTree = "<group>"; };
		FCA202B62920437700C167B2 /* UpdateRecords.swift */ = {isa = PBXFileReference; lastKnownFileType = sourcecode.swift; path = UpdateRecords.swift; sourceTree = "<group>"; };
		FCA202B8292047A600C167B2 /* DataBaseModel.swift */ = {isa = PBXFileReference; lastKnownFileType = sourcecode.swift; path = DataBaseModel.swift; sourceTree = "<group>"; };
		FCA202BA292049C100C167B2 /* Registration.swift */ = {isa = PBXFileReference; lastKnownFileType = sourcecode.swift; path = Registration.swift; sourceTree = "<group>"; };
		FCA202BC292049D000C167B2 /* Login.swift */ = {isa = PBXFileReference; lastKnownFileType = sourcecode.swift; path = Login.swift; sourceTree = "<group>"; };
		FCA202C0292061F000C167B2 /* Extensions.swift */ = {isa = PBXFileReference; lastKnownFileType = sourcecode.swift; path = Extensions.swift; sourceTree = "<group>"; };
		FCA202C22920658900C167B2 /* DemoView.swift */ = {isa = PBXFileReference; lastKnownFileType = sourcecode.swift; path = DemoView.swift; sourceTree = "<group>"; };
/* End PBXFileReference section */

/* Begin PBXFrameworksBuildPhase section */
		FCA2029E29203C9E00C167B2 /* Frameworks */ = {
			isa = PBXFrameworksBuildPhase;
			buildActionMask = 2147483647;
			files = (
				28CDDA3CA64ACFE7A4772C01 /* Pods_BloodPressureRecorder.framework in Frameworks */,
			);
			runOnlyForDeploymentPostprocessing = 0;
		};
/* End PBXFrameworksBuildPhase section */

/* Begin PBXGroup section */
		B76B9506F77F6B60C8771C81 /* Pods */ = {
			isa = PBXGroup;
			children = (
				F82AA643A29AE2BD34D1683B /* Pods-BloodPressureRecorder.debug.xcconfig */,
				5BC94CE18CDDFF7C7E8ECF67 /* Pods-BloodPressureRecorder.release.xcconfig */,
			);
			path = Pods;
			sourceTree = "<group>";
		};
		FCA16F01DB371B761B8E8694 /* Frameworks */ = {
			isa = PBXGroup;
			children = (
				AFBC743E35A06E0B8178F595 /* Pods_BloodPressureRecorder.framework */,
			);
			name = Frameworks;
			sourceTree = "<group>";
		};
		FCA2029829203C9E00C167B2 = {
			isa = PBXGroup;
			children = (
				FCA202A329203C9E00C167B2 /* BloodPressureRecorder */,
				FCA202A229203C9E00C167B2 /* Products */,
				B76B9506F77F6B60C8771C81 /* Pods */,
				FCA16F01DB371B761B8E8694 /* Frameworks */,
			);
			sourceTree = "<group>";
		};
		FCA202A229203C9E00C167B2 /* Products */ = {
			isa = PBXGroup;
			children = (
				FCA202A129203C9E00C167B2 /* BloodPressureRecorder.app */,
			);
			name = Products;
			sourceTree = "<group>";
		};
		FCA202A329203C9E00C167B2 /* BloodPressureRecorder */ = {
			isa = PBXGroup;
			children = (
				FCA202A429203C9E00C167B2 /* BloodPressureRecorderApp.swift */,
				FCA202A629203C9E00C167B2 /* ContentView.swift */,
				FCA202B8292047A600C167B2 /* DataBaseModel.swift */,
				FCA202A829203C9F00C167B2 /* Assets.xcassets */,
				FCA202B229203ECA00C167B2 /* GoogleService-Info.plist */,
				FCA202AA29203C9F00C167B2 /* Preview Content */,
				FCA202B4292042C800C167B2 /* RecordInsert.swift */,
				FCA202B62920437700C167B2 /* UpdateRecords.swift */,
				FCA202BA292049C100C167B2 /* Registration.swift */,
				FCA202BC292049D000C167B2 /* Login.swift */,
				FCA202C0292061F000C167B2 /* Extensions.swift */,
				FCA202C22920658900C167B2 /* DemoView.swift */,
				FC4507B82931EA1C00219691 /* UserProfile.swift */,
				FC4507C029321AB400219691 /* UserViewModel.swift */,
				FC4507C62932338800219691 /* ObjectDemo.swift */,
				FC855B4529325B7300CCF2FD /* User2.swift */,
				FC855B4729325C5500CCF2FD /* DemoList.swift */,
			);
			path = BloodPressureRecorder;
			sourceTree = "<group>";
		};
		FCA202AA29203C9F00C167B2 /* Preview Content */ = {
			isa = PBXGroup;
			children = (
				FCA202AB29203C9F00C167B2 /* Preview Assets.xcassets */,
			);
			path = "Preview Content";
			sourceTree = "<group>";
		};
/* End PBXGroup section */

/* Begin PBXNativeTarget section */
		FCA202A029203C9E00C167B2 /* BloodPressureRecorder */ = {
			isa = PBXNativeTarget;
			buildConfigurationList = FCA202AF29203C9F00C167B2 /* Build configuration list for PBXNativeTarget "BloodPressureRecorder" */;
			buildPhases = (
				E4E64B132432BCDB14EE3307 /* [CP] Check Pods Manifest.lock */,
				FCA2029D29203C9E00C167B2 /* Sources */,
				FCA2029E29203C9E00C167B2 /* Frameworks */,
				FCA2029F29203C9E00C167B2 /* Resources */,
				49500A72D6E02807DC5B60BE /* [CP] Embed Pods Frameworks */,
			);
			buildRules = (
			);
			dependencies = (
			);
			name = BloodPressureRecorder;
			productName = BloodPressureRecorder;
			productReference = FCA202A129203C9E00C167B2 /* BloodPressureRecorder.app */;
			productType = "com.apple.product-type.application";
		};
/* End PBXNativeTarget section */

/* Begin PBXProject section */
		FCA2029929203C9E00C167B2 /* Project object */ = {
			isa = PBXProject;
			attributes = {
				BuildIndependentTargetsInParallel = 1;
				LastSwiftUpdateCheck = 1400;
				LastUpgradeCheck = 1400;
				TargetAttributes = {
					FCA202A029203C9E00C167B2 = {
						CreatedOnToolsVersion = 14.0;
					};
				};
			};
			buildConfigurationList = FCA2029C29203C9E00C167B2 /* Build configuration list for PBXProject "BloodPressureRecorder" */;
			compatibilityVersion = "Xcode 14.0";
			developmentRegion = en;
			hasScannedForEncodings = 0;
			knownRegions = (
				en,
				Base,
			);
			mainGroup = FCA2029829203C9E00C167B2;
			productRefGroup = FCA202A229203C9E00C167B2 /* Products */;
			projectDirPath = "";
			projectRoot = "";
			targets = (
				FCA202A029203C9E00C167B2 /* BloodPressureRecorder */,
			);
		};
/* End PBXProject section */

/* Begin PBXResourcesBuildPhase section */
		FCA2029F29203C9E00C167B2 /* Resources */ = {
			isa = PBXResourcesBuildPhase;
			buildActionMask = 2147483647;
			files = (
				FCA202AC29203C9F00C167B2 /* Preview Assets.xcassets in Resources */,
				FCA202A929203C9F00C167B2 /* Assets.xcassets in Resources */,
				FCA202B329203ECA00C167B2 /* GoogleService-Info.plist in Resources */,
			);
			runOnlyForDeploymentPostprocessing = 0;
		};
/* End PBXResourcesBuildPhase section */

/* Begin PBXShellScriptBuildPhase section */
		49500A72D6E02807DC5B60BE /* [CP] Embed Pods Frameworks */ = {
			isa = PBXShellScriptBuildPhase;
			buildActionMask = 2147483647;
			files = (
			);
			inputFileListPaths = (
				"${PODS_ROOT}/Target Support Files/Pods-BloodPressureRecorder/Pods-BloodPressureRecorder-frameworks-${CONFIGURATION}-input-files.xcfilelist",
			);
			name = "[CP] Embed Pods Frameworks";
			outputFileListPaths = (
				"${PODS_ROOT}/Target Support Files/Pods-BloodPressureRecorder/Pods-BloodPressureRecorder-frameworks-${CONFIGURATION}-output-files.xcfilelist",
			);
			runOnlyForDeploymentPostprocessing = 0;
			shellPath = /bin/sh;
			shellScript = "\"${PODS_ROOT}/Target Support Files/Pods-BloodPressureRecorder/Pods-BloodPressureRecorder-frameworks.sh\"\n";
			showEnvVarsInLog = 0;
		};
		E4E64B132432BCDB14EE3307 /* [CP] Check Pods Manifest.lock */ = {
			isa = PBXShellScriptBuildPhase;
			buildActionMask = 2147483647;
			files = (
			);
			inputFileListPaths = (
			);
			inputPaths = (
				"${PODS_PODFILE_DIR_PATH}/Podfile.lock",
				"${PODS_ROOT}/Manifest.lock",
			);
			name = "[CP] Check Pods Manifest.lock";
			outputFileListPaths = (
			);
			outputPaths = (
				"$(DERIVED_FILE_DIR)/Pods-BloodPressureRecorder-checkManifestLockResult.txt",
			);
			runOnlyForDeploymentPostprocessing = 0;
			shellPath = /bin/sh;
			shellScript = "diff \"${PODS_PODFILE_DIR_PATH}/Podfile.lock\" \"${PODS_ROOT}/Manifest.lock\" > /dev/null\nif [ $? != 0 ] ; then\n    # print error to STDERR\n    echo \"error: The sandbox is not in sync with the Podfile.lock. Run 'pod install' or update your CocoaPods installation.\" >&2\n    exit 1\nfi\n# This output is used by Xcode 'outputs' to avoid re-running this script phase.\necho \"SUCCESS\" > \"${SCRIPT_OUTPUT_FILE_0}\"\n";
			showEnvVarsInLog = 0;
		};
/* End PBXShellScriptBuildPhase section */

/* Begin PBXSourcesBuildPhase section */
		FCA2029D29203C9E00C167B2 /* Sources */ = {
			isa = PBXSourcesBuildPhase;
			buildActionMask = 2147483647;
			files = (
				FC4507C72932338800219691 /* ObjectDemo.swift in Sources */,
				FCA202BD292049D000C167B2 /* Login.swift in Sources */,
				FCA202B5292042C800C167B2 /* RecordInsert.swift in Sources */,
				FCA202A729203C9E00C167B2 /* ContentView.swift in Sources */,
				FCA202C1292061F000C167B2 /* Extensions.swift in Sources */,
				FCA202C32920658900C167B2 /* DemoView.swift in Sources */,
				FCA202A529203C9E00C167B2 /* BloodPressureRecorderApp.swift in Sources */,
				FC855B4629325B7300CCF2FD /* User2.swift in Sources */,
				FCA202B9292047A600C167B2 /* DataBaseModel.swift in Sources */,
				FC4507C129321AB400219691 /* UserViewModel.swift in Sources */,
				FC4507B92931EA1C00219691 /* UserProfile.swift in Sources */,
				FCA202BB292049C100C167B2 /* Registration.swift in Sources */,
				FC855B4829325C5500CCF2FD /* DemoList.swift in Sources */,
				FCA202B72920437700C167B2 /* UpdateRecords.swift in Sources */,
			);
			runOnlyForDeploymentPostprocessing = 0;
		};
/* End PBXSourcesBuildPhase section */

/* Begin XCBuildConfiguration section */
		FCA202AD29203C9F00C167B2 /* Debug */ = {
			isa = XCBuildConfiguration;
			buildSettings = {
				ALWAYS_SEARCH_USER_PATHS = NO;
				CLANG_ANALYZER_NONNULL = YES;
				CLANG_ANALYZER_NUMBER_OBJECT_CONVERSION = YES_AGGRESSIVE;
				CLANG_CXX_LANGUAGE_STANDARD = "gnu++20";
				CLANG_ENABLE_MODULES = YES;
				CLANG_ENABLE_OBJC_ARC = YES;
				CLANG_ENABLE_OBJC_WEAK = YES;
				CLANG_WARN_BLOCK_CAPTURE_AUTORELEASING = YES;
				CLANG_WARN_BOOL_CONVERSION = YES;
				CLANG_WARN_COMMA = YES;
				CLANG_WARN_CONSTANT_CONVERSION = YES;
				CLANG_WARN_DEPRECATED_OBJC_IMPLEMENTATIONS = YES;
				CLANG_WARN_DIRECT_OBJC_ISA_USAGE = YES_ERROR;
				CLANG_WARN_DOCUMENTATION_COMMENTS = YES;
				CLANG_WARN_EMPTY_BODY = YES;
				CLANG_WARN_ENUM_CONVERSION = YES;
				CLANG_WARN_INFINITE_RECURSION = YES;
				CLANG_WARN_INT_CONVERSION = YES;
				CLANG_WARN_NON_LITERAL_NULL_CONVERSION = YES;
				CLANG_WARN_OBJC_IMPLICIT_RETAIN_SELF = YES;
				CLANG_WARN_OBJC_LITERAL_CONVERSION = YES;
				CLANG_WARN_OBJC_ROOT_CLASS = YES_ERROR;
				CLANG_WARN_QUOTED_INCLUDE_IN_FRAMEWORK_HEADER = YES;
				CLANG_WARN_RANGE_LOOP_ANALYSIS = YES;
				CLANG_WARN_STRICT_PROTOTYPES = YES;
				CLANG_WARN_SUSPICIOUS_MOVE = YES;
				CLANG_WARN_UNGUARDED_AVAILABILITY = YES_AGGRESSIVE;
				CLANG_WARN_UNREACHABLE_CODE = YES;
				CLANG_WARN__DUPLICATE_METHOD_MATCH = YES;
				COPY_PHASE_STRIP = NO;
				DEBUG_INFORMATION_FORMAT = dwarf;
				ENABLE_STRICT_OBJC_MSGSEND = YES;
				ENABLE_TESTABILITY = YES;
				GCC_C_LANGUAGE_STANDARD = gnu11;
				GCC_DYNAMIC_NO_PIC = NO;
				GCC_NO_COMMON_BLOCKS = YES;
				GCC_OPTIMIZATION_LEVEL = 0;
				GCC_PREPROCESSOR_DEFINITIONS = (
					"DEBUG=1",
					"$(inherited)",
				);
				GCC_WARN_64_TO_32_BIT_CONVERSION = YES;
				GCC_WARN_ABOUT_RETURN_TYPE = YES_ERROR;
				GCC_WARN_UNDECLARED_SELECTOR = YES;
				GCC_WARN_UNINITIALIZED_AUTOS = YES_AGGRESSIVE;
				GCC_WARN_UNUSED_FUNCTION = YES;
				GCC_WARN_UNUSED_VARIABLE = YES;
				IPHONEOS_DEPLOYMENT_TARGET = 16.0;
				MTL_ENABLE_DEBUG_INFO = INCLUDE_SOURCE;
				MTL_FAST_MATH = YES;
				ONLY_ACTIVE_ARCH = YES;
				SDKROOT = iphoneos;
				SWIFT_ACTIVE_COMPILATION_CONDITIONS = DEBUG;
				SWIFT_OPTIMIZATION_LEVEL = "-Onone";
			};
			name = Debug;
		};
		FCA202AE29203C9F00C167B2 /* Release */ = {
			isa = XCBuildConfiguration;
			buildSettings = {
				ALWAYS_SEARCH_USER_PATHS = NO;
				CLANG_ANALYZER_NONNULL = YES;
				CLANG_ANALYZER_NUMBER_OBJECT_CONVERSION = YES_AGGRESSIVE;
				CLANG_CXX_LANGUAGE_STANDARD = "gnu++20";
				CLANG_ENABLE_MODULES = YES;
				CLANG_ENABLE_OBJC_ARC = YES;
				CLANG_ENABLE_OBJC_WEAK = YES;
				CLANG_WARN_BLOCK_CAPTURE_AUTORELEASING = YES;
				CLANG_WARN_BOOL_CONVERSION = YES;
				CLANG_WARN_COMMA = YES;
				CLANG_WARN_CONSTANT_CONVERSION = YES;
				CLANG_WARN_DEPRECATED_OBJC_IMPLEMENTATIONS = YES;
				CLANG_WARN_DIRECT_OBJC_ISA_USAGE = YES_ERROR;
				CLANG_WARN_DOCUMENTATION_COMMENTS = YES;
				CLANG_WARN_EMPTY_BODY = YES;
				CLANG_WARN_ENUM_CONVERSION = YES;
				CLANG_WARN_INFINITE_RECURSION = YES;
				CLANG_WARN_INT_CONVERSION = YES;
				CLANG_WARN_NON_LITERAL_NULL_CONVERSION = YES;
				CLANG_WARN_OBJC_IMPLICIT_RETAIN_SELF = YES;
				CLANG_WARN_OBJC_LITERAL_CONVERSION = YES;
				CLANG_WARN_OBJC_ROOT_CLASS = YES_ERROR;
				CLANG_WARN_QUOTED_INCLUDE_IN_FRAMEWORK_HEADER = YES;
				CLANG_WARN_RANGE_LOOP_ANALYSIS = YES;
				CLANG_WARN_STRICT_PROTOTYPES = YES;
				CLANG_WARN_SUSPICIOUS_MOVE = YES;
				CLANG_WARN_UNGUARDED_AVAILABILITY = YES_AGGRESSIVE;
				CLANG_WARN_UNREACHABLE_CODE = YES;
				CLANG_WARN__DUPLICATE_METHOD_MATCH = YES;
				COPY_PHASE_STRIP = NO;
				DEBUG_INFORMATION_FORMAT = "dwarf-with-dsym";
				ENABLE_NS_ASSERTIONS = NO;
				ENABLE_STRICT_OBJC_MSGSEND = YES;
				GCC_C_LANGUAGE_STANDARD = gnu11;
				GCC_NO_COMMON_BLOCKS = YES;
				GCC_WARN_64_TO_32_BIT_CONVERSION = YES;
				GCC_WARN_ABOUT_RETURN_TYPE = YES_ERROR;
				GCC_WARN_UNDECLARED_SELECTOR = YES;
				GCC_WARN_UNINITIALIZED_AUTOS = YES_AGGRESSIVE;
				GCC_WARN_UNUSED_FUNCTION = YES;
				GCC_WARN_UNUSED_VARIABLE = YES;
				IPHONEOS_DEPLOYMENT_TARGET = 16.0;
				MTL_ENABLE_DEBUG_INFO = NO;
				MTL_FAST_MATH = YES;
				SDKROOT = iphoneos;
				SWIFT_COMPILATION_MODE = wholemodule;
				SWIFT_OPTIMIZATION_LEVEL = "-O";
				VALIDATE_PRODUCT = YES;
			};
			name = Release;
		};
		FCA202B029203C9F00C167B2 /* Debug */ = {
			isa = XCBuildConfiguration;
			baseConfigurationReference = F82AA643A29AE2BD34D1683B /* Pods-BloodPressureRecorder.debug.xcconfig */;
			buildSettings = {
				ASSETCATALOG_COMPILER_APPICON_NAME = AppIcon;
				ASSETCATALOG_COMPILER_GLOBAL_ACCENT_COLOR_NAME = AccentColor;
				CODE_SIGN_STYLE = Automatic;
				CURRENT_PROJECT_VERSION = 1;
				DEVELOPMENT_ASSET_PATHS = "\"BloodPressureRecorder/Preview Content\"";
				DEVELOPMENT_TEAM = 542GAHA5P9;
				ENABLE_PREVIEWS = YES;
				GENERATE_INFOPLIST_FILE = YES;
				INFOPLIST_KEY_UIApplicationSceneManifest_Generation = YES;
				INFOPLIST_KEY_UIApplicationSupportsIndirectInputEvents = YES;
				INFOPLIST_KEY_UILaunchScreen_Generation = YES;
				INFOPLIST_KEY_UISupportedInterfaceOrientations_iPad = "UIInterfaceOrientationPortrait UIInterfaceOrientationPortraitUpsideDown UIInterfaceOrientationLandscapeLeft UIInterfaceOrientationLandscapeRight";
				INFOPLIST_KEY_UISupportedInterfaceOrientations_iPhone = "UIInterfaceOrientationPortrait UIInterfaceOrientationLandscapeLeft UIInterfaceOrientationLandscapeRight";
				LD_RUNPATH_SEARCH_PATHS = (
					"$(inherited)",
					"@executable_path/Frameworks",
				);
				MARKETING_VERSION = 1.0;
				PRODUCT_BUNDLE_IDENTIFIER = com.ashfaq.BloodPressureRecorder;
				PRODUCT_NAME = "$(TARGET_NAME)";
				SWIFT_EMIT_LOC_STRINGS = YES;
				SWIFT_VERSION = 5.0;
				TARGETED_DEVICE_FAMILY = "1,2";
			};
			name = Debug;
		};
		FCA202B129203C9F00C167B2 /* Release */ = {
			isa = XCBuildConfiguration;
			baseConfigurationReference = 5BC94CE18CDDFF7C7E8ECF67 /* Pods-BloodPressureRecorder.release.xcconfig */;
			buildSettings = {
				ASSETCATALOG_COMPILER_APPICON_NAME = AppIcon;
				ASSETCATALOG_COMPILER_GLOBAL_ACCENT_COLOR_NAME = AccentColor;
				CODE_SIGN_STYLE = Automatic;
				CURRENT_PROJECT_VERSION = 1;
				DEVELOPMENT_ASSET_PATHS = "\"BloodPressureRecorder/Preview Content\"";
				DEVELOPMENT_TEAM = 542GAHA5P9;
				ENABLE_PREVIEWS = YES;
				GENERATE_INFOPLIST_FILE = YES;
				INFOPLIST_KEY_UIApplicationSceneManifest_Generation = YES;
				INFOPLIST_KEY_UIApplicationSupportsIndirectInputEvents = YES;
				INFOPLIST_KEY_UILaunchScreen_Generation = YES;
				INFOPLIST_KEY_UISupportedInterfaceOrientations_iPad = "UIInterfaceOrientationPortrait UIInterfaceOrientationPortraitUpsideDown UIInterfaceOrientationLandscapeLeft UIInterfaceOrientationLandscapeRight";
				INFOPLIST_KEY_UISupportedInterfaceOrientations_iPhone = "UIInterfaceOrientationPortrait UIInterfaceOrientationLandscapeLeft UIInterfaceOrientationLandscapeRight";
				LD_RUNPATH_SEARCH_PATHS = (
					"$(inherited)",
					"@executable_path/Frameworks",
				);
				MARKETING_VERSION = 1.0;
				PRODUCT_BUNDLE_IDENTIFIER = com.ashfaq.BloodPressureRecorder;
				PRODUCT_NAME = "$(TARGET_NAME)";
				SWIFT_EMIT_LOC_STRINGS = YES;
				SWIFT_VERSION = 5.0;
				TARGETED_DEVICE_FAMILY = "1,2";
			};
			name = Release;
		};
/* End XCBuildConfiguration section */

/* Begin XCConfigurationList section */
		FCA2029C29203C9E00C167B2 /* Build configuration list for PBXProject "BloodPressureRecorder" */ = {
			isa = XCConfigurationList;
			buildConfigurations = (
				FCA202AD29203C9F00C167B2 /* Debug */,
				FCA202AE29203C9F00C167B2 /* Release */,
			);
			defaultConfigurationIsVisible = 0;
			defaultConfigurationName = Release;
		};
		FCA202AF29203C9F00C167B2 /* Build configuration list for PBXNativeTarget "BloodPressureRecorder" */ = {
			isa = XCConfigurationList;
			buildConfigurations = (
				FCA202B029203C9F00C167B2 /* Debug */,
				FCA202B129203C9F00C167B2 /* Release */,
			);
			defaultConfigurationIsVisible = 0;
			defaultConfigurationName = Release;
		};
/* End XCConfigurationList section */
	};
	rootObject = FCA2029929203C9E00C167B2 /* Project object */;
}
